// !$*UTF8*$!
{
	archiveVersion = 1;
	classes = {
	};
	objectVersion = 46;
	objects = {

/* Begin PBXBuildFile section */
		3911248318EC8D41004BDC73 /* Security.framework in Frameworks */ = {isa = PBXBuildFile; fileRef = 3911248218EC8D41004BDC73 /* Security.framework */; };
		3911248518EC8D46004BDC73 /* QuartzCore.framework in Frameworks */ = {isa = PBXBuildFile; fileRef = 3911248418EC8D46004BDC73 /* QuartzCore.framework */; };
		39145EA518D1284100D10FB9 /* Main.storyboard in Resources */ = {isa = PBXBuildFile; fileRef = 39145EA318D1284100D10FB9 /* Main.storyboard */; };
		393048DF18E609F3008C44E9 /* AppUser.m in Sources */ = {isa = PBXBuildFile; fileRef = 393048DE18E609F3008C44E9 /* AppUser.m */; };
		3934D52E18ECA03500712C6B /* DropboxSDK.framework in Frameworks */ = {isa = PBXBuildFile; fileRef = 3934D52D18ECA03500712C6B /* DropboxSDK.framework */; };
		39420F8518E61F8F004338C5 /* MyPhoto.m in Sources */ = {isa = PBXBuildFile; fileRef = 39420F8418E61F8F004338C5 /* MyPhoto.m */; };
		39420F8E18E6255E004338C5 /* ProfileViewController.m in Sources */ = {isa = PBXBuildFile; fileRef = 39420F8D18E6255E004338C5 /* ProfileViewController.m */; };
		39420F9118E627F0004338C5 /* HomeViewController.m in Sources */ = {isa = PBXBuildFile; fileRef = 39420F9018E627F0004338C5 /* HomeViewController.m */; };
		39420F9418E74475004338C5 /* MyPhotoViewCell.m in Sources */ = {isa = PBXBuildFile; fileRef = 39420F9318E74475004338C5 /* MyPhotoViewCell.m */; };
		39420F9718E8C8BE004338C5 /* Webservices.m in Sources */ = {isa = PBXBuildFile; fileRef = 39420F9618E8C8BE004338C5 /* Webservices.m */; };
		39420F9A18E92CE3004338C5 /* HomePhotoFeedViewCell.m in Sources */ = {isa = PBXBuildFile; fileRef = 39420F9918E92CE3004338C5 /* HomePhotoFeedViewCell.m */; };
		398ABFD718EC650E00654277 /* UploadViewController.m in Sources */ = {isa = PBXBuildFile; fileRef = 398ABFD618EC650E00654277 /* UploadViewController.m */; };
		39F7E26E18D1159C00147D9C /* Foundation.framework in Frameworks */ = {isa = PBXBuildFile; fileRef = 39F7E26D18D1159C00147D9C /* Foundation.framework */; };
		39F7E27018D1159C00147D9C /* CoreGraphics.framework in Frameworks */ = {isa = PBXBuildFile; fileRef = 39F7E26F18D1159C00147D9C /* CoreGraphics.framework */; };
		39F7E27218D1159C00147D9C /* UIKit.framework in Frameworks */ = {isa = PBXBuildFile; fileRef = 39F7E27118D1159C00147D9C /* UIKit.framework */; };
		39F7E27818D1159C00147D9C /* InfoPlist.strings in Resources */ = {isa = PBXBuildFile; fileRef = 39F7E27618D1159C00147D9C /* InfoPlist.strings */; };
		39F7E27A18D1159C00147D9C /* main.m in Sources */ = {isa = PBXBuildFile; fileRef = 39F7E27918D1159C00147D9C /* main.m */; };
		39F7E27E18D1159C00147D9C /* AppDelegate.m in Sources */ = {isa = PBXBuildFile; fileRef = 39F7E27D18D1159C00147D9C /* AppDelegate.m */; };
		39F7E28418D1159C00147D9C /* ViewController.m in Sources */ = {isa = PBXBuildFile; fileRef = 39F7E28318D1159C00147D9C /* ViewController.m */; };
		39F7E28618D1159C00147D9C /* Images.xcassets in Resources */ = {isa = PBXBuildFile; fileRef = 39F7E28518D1159C00147D9C /* Images.xcassets */; };
		39F7E28D18D1159C00147D9C /* XCTest.framework in Frameworks */ = {isa = PBXBuildFile; fileRef = 39F7E28C18D1159C00147D9C /* XCTest.framework */; };
		39F7E28E18D1159C00147D9C /* Foundation.framework in Frameworks */ = {isa = PBXBuildFile; fileRef = 39F7E26D18D1159C00147D9C /* Foundation.framework */; };
		39F7E28F18D1159C00147D9C /* UIKit.framework in Frameworks */ = {isa = PBXBuildFile; fileRef = 39F7E27118D1159C00147D9C /* UIKit.framework */; };
		39F7E29718D1159C00147D9C /* InfoPlist.strings in Resources */ = {isa = PBXBuildFile; fileRef = 39F7E29518D1159C00147D9C /* InfoPlist.strings */; };
		39F7E29918D1159C00147D9C /* phtshr_iosTests.m in Sources */ = {isa = PBXBuildFile; fileRef = 39F7E29818D1159C00147D9C /* phtshr_iosTests.m */; };
/* End PBXBuildFile section */

/* Begin PBXContainerItemProxy section */
		39F7E29018D1159C00147D9C /* PBXContainerItemProxy */ = {
			isa = PBXContainerItemProxy;
			containerPortal = 39F7E26218D1159C00147D9C /* Project object */;
			proxyType = 1;
			remoteGlobalIDString = 39F7E26918D1159C00147D9C;
			remoteInfo = "phtshr-ios";
		};
/* End PBXContainerItemProxy section */

/* Begin PBXFileReference section */
		3911248218EC8D41004BDC73 /* Security.framework */ = {isa = PBXFileReference; lastKnownFileType = wrapper.framework; name = Security.framework; path = System/Library/Frameworks/Security.framework; sourceTree = SDKROOT; };
		3911248418EC8D46004BDC73 /* QuartzCore.framework */ = {isa = PBXFileReference; lastKnownFileType = wrapper.framework; name = QuartzCore.framework; path = System/Library/Frameworks/QuartzCore.framework; sourceTree = SDKROOT; };
		39145EA418D1284100D10FB9 /* Base */ = {isa = PBXFileReference; lastKnownFileType = file.storyboard; name = Base; path = Base.lproj/Main.storyboard; sourceTree = "<group>"; };
		393048DD18E609F3008C44E9 /* AppUser.h */ = {isa = PBXFileReference; fileEncoding = 4; lastKnownFileType = sourcecode.c.h; path = AppUser.h; sourceTree = "<group>"; };
		393048DE18E609F3008C44E9 /* AppUser.m */ = {isa = PBXFileReference; fileEncoding = 4; lastKnownFileType = sourcecode.c.objc; path = AppUser.m; sourceTree = "<group>"; };
		3934D52D18ECA03500712C6B /* DropboxSDK.framework */ = {isa = PBXFileReference; lastKnownFileType = wrapper.framework; name = DropboxSDK.framework; path = "../../../../../Downloads/dropbox-ios-sdk-1.3.11/DropboxSDK.framework"; sourceTree = "<group>"; };
		39420F8318E61F8F004338C5 /* MyPhoto.h */ = {isa = PBXFileReference; fileEncoding = 4; lastKnownFileType = sourcecode.c.h; path = MyPhoto.h; sourceTree = "<group>"; };
		39420F8418E61F8F004338C5 /* MyPhoto.m */ = {isa = PBXFileReference; fileEncoding = 4; lastKnownFileType = sourcecode.c.objc; path = MyPhoto.m; sourceTree = "<group>"; };
		39420F8C18E6255E004338C5 /* ProfileViewController.h */ = {isa = PBXFileReference; fileEncoding = 4; lastKnownFileType = sourcecode.c.h; name = ProfileViewController.h; path = ../ProfileViewController.h; sourceTree = "<group>"; };
		39420F8D18E6255E004338C5 /* ProfileViewController.m */ = {isa = PBXFileReference; fileEncoding = 4; lastKnownFileType = sourcecode.c.objc; name = ProfileViewController.m; path = ../ProfileViewController.m; sourceTree = "<group>"; };
		39420F8F18E627F0004338C5 /* HomeViewController.h */ = {isa = PBXFileReference; fileEncoding = 4; lastKnownFileType = sourcecode.c.h; path = HomeViewController.h; sourceTree = "<group>"; };
		39420F9018E627F0004338C5 /* HomeViewController.m */ = {isa = PBXFileReference; fileEncoding = 4; lastKnownFileType = sourcecode.c.objc; path = HomeViewController.m; sourceTree = "<group>"; };
		39420F9218E74475004338C5 /* MyPhotoViewCell.h */ = {isa = PBXFileReference; fileEncoding = 4; lastKnownFileType = sourcecode.c.h; path = MyPhotoViewCell.h; sourceTree = "<group>"; };
		39420F9318E74475004338C5 /* MyPhotoViewCell.m */ = {isa = PBXFileReference; fileEncoding = 4; lastKnownFileType = sourcecode.c.objc; path = MyPhotoViewCell.m; sourceTree = "<group>"; };
		39420F9518E8C8BE004338C5 /* Webservices.h */ = {isa = PBXFileReference; fileEncoding = 4; lastKnownFileType = sourcecode.c.h; path = Webservices.h; sourceTree = "<group>"; };
		39420F9618E8C8BE004338C5 /* Webservices.m */ = {isa = PBXFileReference; fileEncoding = 4; lastKnownFileType = sourcecode.c.objc; path = Webservices.m; sourceTree = "<group>"; };
		39420F9818E92CE3004338C5 /* HomePhotoFeedViewCell.h */ = {isa = PBXFileReference; fileEncoding = 4; lastKnownFileType = sourcecode.c.h; name = HomePhotoFeedViewCell.h; path = ../HomePhotoFeedViewCell.h; sourceTree = "<group>"; };
		39420F9918E92CE3004338C5 /* HomePhotoFeedViewCell.m */ = {isa = PBXFileReference; fileEncoding = 4; lastKnownFileType = sourcecode.c.objc; name = HomePhotoFeedViewCell.m; path = ../HomePhotoFeedViewCell.m; sourceTree = "<group>"; };
		398ABFD518EC650E00654277 /* UploadViewController.h */ = {isa = PBXFileReference; fileEncoding = 4; lastKnownFileType = sourcecode.c.h; path = UploadViewController.h; sourceTree = "<group>"; };
		398ABFD618EC650E00654277 /* UploadViewController.m */ = {isa = PBXFileReference; fileEncoding = 4; lastKnownFileType = sourcecode.c.objc; path = UploadViewController.m; sourceTree = "<group>"; };
		39F7E26A18D1159C00147D9C /* phtshr-ios.app */ = {isa = PBXFileReference; explicitFileType = wrapper.application; includeInIndex = 0; path = "phtshr-ios.app"; sourceTree = BUILT_PRODUCTS_DIR; };
		39F7E26D18D1159C00147D9C /* Foundation.framework */ = {isa = PBXFileReference; lastKnownFileType = wrapper.framework; name = Foundation.framework; path = System/Library/Frameworks/Foundation.framework; sourceTree = SDKROOT; };
		39F7E26F18D1159C00147D9C /* CoreGraphics.framework */ = {isa = PBXFileReference; lastKnownFileType = wrapper.framework; name = CoreGraphics.framework; path = System/Library/Frameworks/CoreGraphics.framework; sourceTree = SDKROOT; };
		39F7E27118D1159C00147D9C /* UIKit.framework */ = {isa = PBXFileReference; lastKnownFileType = wrapper.framework; name = UIKit.framework; path = System/Library/Frameworks/UIKit.framework; sourceTree = SDKROOT; };
		39F7E27518D1159C00147D9C /* phtshr-ios-Info.plist */ = {isa = PBXFileReference; lastKnownFileType = text.plist.xml; path = "phtshr-ios-Info.plist"; sourceTree = "<group>"; };
		39F7E27718D1159C00147D9C /* en */ = {isa = PBXFileReference; lastKnownFileType = text.plist.strings; name = en; path = en.lproj/InfoPlist.strings; sourceTree = "<group>"; };
		39F7E27918D1159C00147D9C /* main.m */ = {isa = PBXFileReference; lastKnownFileType = sourcecode.c.objc; path = main.m; sourceTree = "<group>"; };
		39F7E27B18D1159C00147D9C /* phtshr-ios-Prefix.pch */ = {isa = PBXFileReference; lastKnownFileType = sourcecode.c.h; path = "phtshr-ios-Prefix.pch"; sourceTree = "<group>"; };
		39F7E27C18D1159C00147D9C /* AppDelegate.h */ = {isa = PBXFileReference; lastKnownFileType = sourcecode.c.h; path = AppDelegate.h; sourceTree = "<group>"; };
		39F7E27D18D1159C00147D9C /* AppDelegate.m */ = {isa = PBXFileReference; lastKnownFileType = sourcecode.c.objc; path = AppDelegate.m; sourceTree = "<group>"; };
		39F7E28218D1159C00147D9C /* ViewController.h */ = {isa = PBXFileReference; lastKnownFileType = sourcecode.c.h; path = ViewController.h; sourceTree = "<group>"; };
		39F7E28318D1159C00147D9C /* ViewController.m */ = {isa = PBXFileReference; lastKnownFileType = sourcecode.c.objc; path = ViewController.m; sourceTree = "<group>"; };
		39F7E28518D1159C00147D9C /* Images.xcassets */ = {isa = PBXFileReference; lastKnownFileType = folder.assetcatalog; path = Images.xcassets; sourceTree = "<group>"; };
		39F7E28B18D1159C00147D9C /* phtshr-iosTests.xctest */ = {isa = PBXFileReference; explicitFileType = wrapper.cfbundle; includeInIndex = 0; path = "phtshr-iosTests.xctest"; sourceTree = BUILT_PRODUCTS_DIR; };
		39F7E28C18D1159C00147D9C /* XCTest.framework */ = {isa = PBXFileReference; lastKnownFileType = wrapper.framework; name = XCTest.framework; path = Library/Frameworks/XCTest.framework; sourceTree = DEVELOPER_DIR; };
		39F7E29418D1159C00147D9C /* phtshr-iosTests-Info.plist */ = {isa = PBXFileReference; lastKnownFileType = text.plist.xml; path = "phtshr-iosTests-Info.plist"; sourceTree = "<group>"; };
		39F7E29618D1159C00147D9C /* en */ = {isa = PBXFileReference; lastKnownFileType = text.plist.strings; name = en; path = en.lproj/InfoPlist.strings; sourceTree = "<group>"; };
		39F7E29818D1159C00147D9C /* phtshr_iosTests.m */ = {isa = PBXFileReference; lastKnownFileType = sourcecode.c.objc; path = phtshr_iosTests.m; sourceTree = "<group>"; };
/* End PBXFileReference section */

/* Begin PBXFrameworksBuildPhase section */
		39F7E26718D1159C00147D9C /* Frameworks */ = {
			isa = PBXFrameworksBuildPhase;
			buildActionMask = 2147483647;
			files = (
				3934D52E18ECA03500712C6B /* DropboxSDK.framework in Frameworks */,
				3911248518EC8D46004BDC73 /* QuartzCore.framework in Frameworks */,
				3911248318EC8D41004BDC73 /* Security.framework in Frameworks */,
				39F7E27018D1159C00147D9C /* CoreGraphics.framework in Frameworks */,
				39F7E27218D1159C00147D9C /* UIKit.framework in Frameworks */,
				39F7E26E18D1159C00147D9C /* Foundation.framework in Frameworks */,
			);
			runOnlyForDeploymentPostprocessing = 0;
		};
		39F7E28818D1159C00147D9C /* Frameworks */ = {
			isa = PBXFrameworksBuildPhase;
			buildActionMask = 2147483647;
			files = (
				39F7E28D18D1159C00147D9C /* XCTest.framework in Frameworks */,
				39F7E28F18D1159C00147D9C /* UIKit.framework in Frameworks */,
				39F7E28E18D1159C00147D9C /* Foundation.framework in Frameworks */,
			);
			runOnlyForDeploymentPostprocessing = 0;
		};
/* End PBXFrameworksBuildPhase section */

/* Begin PBXGroup section */
		39F7E26118D1159C00147D9C = {
			isa = PBXGroup;
			children = (
				39F7E27318D1159C00147D9C /* phtshr-ios */,
				39F7E29218D1159C00147D9C /* phtshr-iosTests */,
				39F7E26C18D1159C00147D9C /* Frameworks */,
				39F7E26B18D1159C00147D9C /* Products */,
			);
			sourceTree = "<group>";
		};
		39F7E26B18D1159C00147D9C /* Products */ = {
			isa = PBXGroup;
			children = (
				39F7E26A18D1159C00147D9C /* phtshr-ios.app */,
				39F7E28B18D1159C00147D9C /* phtshr-iosTests.xctest */,
			);
			name = Products;
			sourceTree = "<group>";
		};
		39F7E26C18D1159C00147D9C /* Frameworks */ = {
			isa = PBXGroup;
			children = (
				3934D52D18ECA03500712C6B /* DropboxSDK.framework */,
				3911248418EC8D46004BDC73 /* QuartzCore.framework */,
				3911248218EC8D41004BDC73 /* Security.framework */,
				39F7E26D18D1159C00147D9C /* Foundation.framework */,
				39F7E26F18D1159C00147D9C /* CoreGraphics.framework */,
				39F7E27118D1159C00147D9C /* UIKit.framework */,
				39F7E28C18D1159C00147D9C /* XCTest.framework */,
			);
			name = Frameworks;
			sourceTree = "<group>";
		};
		39F7E27318D1159C00147D9C /* phtshr-ios */ = {
			isa = PBXGroup;
			children = (
				39F7E27C18D1159C00147D9C /* AppDelegate.h */,
				39F7E27D18D1159C00147D9C /* AppDelegate.m */,
				393048DD18E609F3008C44E9 /* AppUser.h */,
				393048DE18E609F3008C44E9 /* AppUser.m */,
				39420F9818E92CE3004338C5 /* HomePhotoFeedViewCell.h */,
				39420F9918E92CE3004338C5 /* HomePhotoFeedViewCell.m */,
				39420F8F18E627F0004338C5 /* HomeViewController.h */,
				39420F9018E627F0004338C5 /* HomeViewController.m */,
				39F7E28518D1159C00147D9C /* Images.xcassets */,
				39145EA318D1284100D10FB9 /* Main.storyboard */,
				398ABFD518EC650E00654277 /* UploadViewController.h */,
				398ABFD618EC650E00654277 /* UploadViewController.m */,
				39420F8318E61F8F004338C5 /* MyPhoto.h */,
				39420F8418E61F8F004338C5 /* MyPhoto.m */,
				39420F9218E74475004338C5 /* MyPhotoViewCell.h */,
				39420F9318E74475004338C5 /* MyPhotoViewCell.m */,
				39420F8C18E6255E004338C5 /* ProfileViewController.h */,
				39420F8D18E6255E004338C5 /* ProfileViewController.m */,
				39F7E27418D1159C00147D9C /* Supporting Files */,
				39F7E28218D1159C00147D9C /* ViewController.h */,
				39F7E28318D1159C00147D9C /* ViewController.m */,
				39420F9518E8C8BE004338C5 /* Webservices.h */,
				39420F9618E8C8BE004338C5 /* Webservices.m */,
			);
			path = "phtshr-ios";
			sourceTree = "<group>";
		};
		39F7E27418D1159C00147D9C /* Supporting Files */ = {
			isa = PBXGroup;
			children = (
				39F7E27518D1159C00147D9C /* phtshr-ios-Info.plist */,
				39F7E27618D1159C00147D9C /* InfoPlist.strings */,
				39F7E27918D1159C00147D9C /* main.m */,
				39F7E27B18D1159C00147D9C /* phtshr-ios-Prefix.pch */,
			);
			name = "Supporting Files";
			sourceTree = "<group>";
		};
		39F7E29218D1159C00147D9C /* phtshr-iosTests */ = {
			isa = PBXGroup;
			children = (
				39F7E29818D1159C00147D9C /* phtshr_iosTests.m */,
				39F7E29318D1159C00147D9C /* Supporting Files */,
			);
			path = "phtshr-iosTests";
			sourceTree = "<group>";
		};
		39F7E29318D1159C00147D9C /* Supporting Files */ = {
			isa = PBXGroup;
			children = (
				39F7E29418D1159C00147D9C /* phtshr-iosTests-Info.plist */,
				39F7E29518D1159C00147D9C /* InfoPlist.strings */,
			);
			name = "Supporting Files";
			sourceTree = "<group>";
		};
/* End PBXGroup section */

/* Begin PBXNativeTarget section */
		39F7E26918D1159C00147D9C /* phtshr-ios */ = {
			isa = PBXNativeTarget;
			buildConfigurationList = 39F7E29C18D1159C00147D9C /* Build configuration list for PBXNativeTarget "phtshr-ios" */;
			buildPhases = (
				39F7E26618D1159C00147D9C /* Sources */,
				39F7E26718D1159C00147D9C /* Frameworks */,
				39F7E26818D1159C00147D9C /* Resources */,
			);
			buildRules = (
			);
			dependencies = (
			);
			name = "phtshr-ios";
			productName = "phtshr-ios";
			productReference = 39F7E26A18D1159C00147D9C /* phtshr-ios.app */;
			productType = "com.apple.product-type.application";
		};
		39F7E28A18D1159C00147D9C /* phtshr-iosTests */ = {
			isa = PBXNativeTarget;
			buildConfigurationList = 39F7E29F18D1159C00147D9C /* Build configuration list for PBXNativeTarget "phtshr-iosTests" */;
			buildPhases = (
				39F7E28718D1159C00147D9C /* Sources */,
				39F7E28818D1159C00147D9C /* Frameworks */,
				39F7E28918D1159C00147D9C /* Resources */,
			);
			buildRules = (
			);
			dependencies = (
				39F7E29118D1159C00147D9C /* PBXTargetDependency */,
			);
			name = "phtshr-iosTests";
			productName = "phtshr-iosTests";
			productReference = 39F7E28B18D1159C00147D9C /* phtshr-iosTests.xctest */;
			productType = "com.apple.product-type.bundle.unit-test";
		};
/* End PBXNativeTarget section */

/* Begin PBXProject section */
		39F7E26218D1159C00147D9C /* Project object */ = {
			isa = PBXProject;
			attributes = {
				LastUpgradeCheck = 0510;
				ORGANIZATIONNAME = "David Lafrance";
				TargetAttributes = {
					39F7E28A18D1159C00147D9C = {
						TestTargetID = 39F7E26918D1159C00147D9C;
					};
				};
			};
			buildConfigurationList = 39F7E26518D1159C00147D9C /* Build configuration list for PBXProject "phtshr-ios" */;
			compatibilityVersion = "Xcode 3.2";
			developmentRegion = English;
			hasScannedForEncodings = 0;
			knownRegions = (
				en,
				Base,
			);
			mainGroup = 39F7E26118D1159C00147D9C;
			productRefGroup = 39F7E26B18D1159C00147D9C /* Products */;
			projectDirPath = "";
			projectRoot = "";
			targets = (
				39F7E26918D1159C00147D9C /* phtshr-ios */,
				39F7E28A18D1159C00147D9C /* phtshr-iosTests */,
			);
		};
/* End PBXProject section */

/* Begin PBXResourcesBuildPhase section */
		39F7E26818D1159C00147D9C /* Resources */ = {
			isa = PBXResourcesBuildPhase;
			buildActionMask = 2147483647;
			files = (
				39145EA518D1284100D10FB9 /* Main.storyboard in Resources */,
				39F7E28618D1159C00147D9C /* Images.xcassets in Resources */,
				39F7E27818D1159C00147D9C /* InfoPlist.strings in Resources */,
			);
			runOnlyForDeploymentPostprocessing = 0;
		};
		39F7E28918D1159C00147D9C /* Resources */ = {
			isa = PBXResourcesBuildPhase;
			buildActionMask = 2147483647;
			files = (
				39F7E29718D1159C00147D9C /* InfoPlist.strings in Resources */,
			);
			runOnlyForDeploymentPostprocessing = 0;
		};
/* End PBXResourcesBuildPhase section */

/* Begin PBXSourcesBuildPhase section */
		39F7E26618D1159C00147D9C /* Sources */ = {
			isa = PBXSourcesBuildPhase;
			buildActionMask = 2147483647;
			files = (
				39420F8518E61F8F004338C5 /* MyPhoto.m in Sources */,
				398ABFD718EC650E00654277 /* UploadViewController.m in Sources */,
				39420F9718E8C8BE004338C5 /* Webservices.m in Sources */,
				39420F9A18E92CE3004338C5 /* HomePhotoFeedViewCell.m in Sources */,
				393048DF18E609F3008C44E9 /* AppUser.m in Sources */,
				39F7E28418D1159C00147D9C /* ViewController.m in Sources */,
				39F7E27E18D1159C00147D9C /* AppDelegate.m in Sources */,
				39420F8E18E6255E004338C5 /* ProfileViewController.m in Sources */,
				39420F9118E627F0004338C5 /* HomeViewController.m in Sources */,
				39F7E27A18D1159C00147D9C /* main.m in Sources */,
				39420F9418E74475004338C5 /* MyPhotoViewCell.m in Sources */,
			);
			runOnlyForDeploymentPostprocessing = 0;
		};
		39F7E28718D1159C00147D9C /* Sources */ = {
			isa = PBXSourcesBuildPhase;
			buildActionMask = 2147483647;
			files = (
				39F7E29918D1159C00147D9C /* phtshr_iosTests.m in Sources */,
			);
			runOnlyForDeploymentPostprocessing = 0;
		};
/* End PBXSourcesBuildPhase section */

/* Begin PBXTargetDependency section */
		39F7E29118D1159C00147D9C /* PBXTargetDependency */ = {
			isa = PBXTargetDependency;
			target = 39F7E26918D1159C00147D9C /* phtshr-ios */;
			targetProxy = 39F7E29018D1159C00147D9C /* PBXContainerItemProxy */;
		};
/* End PBXTargetDependency section */

/* Begin PBXVariantGroup section */
		39145EA318D1284100D10FB9 /* Main.storyboard */ = {
			isa = PBXVariantGroup;
			children = (
				39145EA418D1284100D10FB9 /* Base */,
			);
			name = Main.storyboard;
			sourceTree = "<group>";
		};
		39F7E27618D1159C00147D9C /* InfoPlist.strings */ = {
			isa = PBXVariantGroup;
			children = (
				39F7E27718D1159C00147D9C /* en */,
			);
			name = InfoPlist.strings;
			sourceTree = "<group>";
		};
		39F7E29518D1159C00147D9C /* InfoPlist.strings */ = {
			isa = PBXVariantGroup;
			children = (
				39F7E29618D1159C00147D9C /* en */,
			);
			name = InfoPlist.strings;
			sourceTree = "<group>";
		};
/* End PBXVariantGroup section */

/* Begin XCBuildConfiguration section */
		39F7E29A18D1159C00147D9C /* Debug */ = {
			isa = XCBuildConfiguration;
			buildSettings = {
				ALWAYS_SEARCH_USER_PATHS = NO;
				CLANG_CXX_LANGUAGE_STANDARD = "gnu++0x";
				CLANG_CXX_LIBRARY = "libc++";
				CLANG_ENABLE_MODULES = YES;
				CLANG_ENABLE_OBJC_ARC = YES;
				CLANG_WARN_BOOL_CONVERSION = YES;
				CLANG_WARN_CONSTANT_CONVERSION = YES;
				CLANG_WARN_DIRECT_OBJC_ISA_USAGE = YES_ERROR;
				CLANG_WARN_EMPTY_BODY = YES;
				CLANG_WARN_ENUM_CONVERSION = YES;
				CLANG_WARN_INT_CONVERSION = YES;
				CLANG_WARN_OBJC_ROOT_CLASS = YES_ERROR;
				CLANG_WARN__DUPLICATE_METHOD_MATCH = YES;
				"CODE_SIGN_IDENTITY[sdk=iphoneos*]" = "iPhone Developer";
				COPY_PHASE_STRIP = NO;
				GCC_C_LANGUAGE_STANDARD = gnu99;
				GCC_DYNAMIC_NO_PIC = NO;
				GCC_OPTIMIZATION_LEVEL = 0;
				GCC_PREPROCESSOR_DEFINITIONS = (
					"DEBUG=1",
					"$(inherited)",
				);
				GCC_SYMBOLS_PRIVATE_EXTERN = NO;
				GCC_WARN_64_TO_32_BIT_CONVERSION = YES;
				GCC_WARN_ABOUT_RETURN_TYPE = YES_ERROR;
				GCC_WARN_UNDECLARED_SELECTOR = YES;
				GCC_WARN_UNINITIALIZED_AUTOS = YES;
				GCC_WARN_UNUSED_FUNCTION = YES;
				GCC_WARN_UNUSED_VARIABLE = YES;
				IPHONEOS_DEPLOYMENT_TARGET = 7.0;
				ONLY_ACTIVE_ARCH = YES;
				SDKROOT = iphoneos;
			};
			name = Debug;
		};
		39F7E29B18D1159C00147D9C /* Release */ = {
			isa = XCBuildConfiguration;
			buildSettings = {
				ALWAYS_SEARCH_USER_PATHS = NO;
				CLANG_CXX_LANGUAGE_STANDARD = "gnu++0x";
				CLANG_CXX_LIBRARY = "libc++";
				CLANG_ENABLE_MODULES = YES;
				CLANG_ENABLE_OBJC_ARC = YES;
				CLANG_WARN_BOOL_CONVERSION = YES;
				CLANG_WARN_CONSTANT_CONVERSION = YES;
				CLANG_WARN_DIRECT_OBJC_ISA_USAGE = YES_ERROR;
				CLANG_WARN_EMPTY_BODY = YES;
				CLANG_WARN_ENUM_CONVERSION = YES;
				CLANG_WARN_INT_CONVERSION = YES;
				CLANG_WARN_OBJC_ROOT_CLASS = YES_ERROR;
				CLANG_WARN__DUPLICATE_METHOD_MATCH = YES;
				"CODE_SIGN_IDENTITY[sdk=iphoneos*]" = "iPhone Developer";
				COPY_PHASE_STRIP = YES;
				ENABLE_NS_ASSERTIONS = NO;
				GCC_C_LANGUAGE_STANDARD = gnu99;
				GCC_WARN_64_TO_32_BIT_CONVERSION = YES;
				GCC_WARN_ABOUT_RETURN_TYPE = YES_ERROR;
				GCC_WARN_UNDECLARED_SELECTOR = YES;
				GCC_WARN_UNINITIALIZED_AUTOS = YES;
				GCC_WARN_UNUSED_FUNCTION = YES;
				GCC_WARN_UNUSED_VARIABLE = YES;
				IPHONEOS_DEPLOYMENT_TARGET = 7.0;
				SDKROOT = iphoneos;
				VALIDATE_PRODUCT = YES;
			};
			name = Release;
		};
		39F7E29D18D1159C00147D9C /* Debug */ = {
			isa = XCBuildConfiguration;
			buildSettings = {
				ASSETCATALOG_COMPILER_APPICON_NAME = AppIcon;
				ASSETCATALOG_COMPILER_LAUNCHIMAGE_NAME = LaunchImage;
				FRAMEWORK_SEARCH_PATHS = (
					"$(inherited)",
					"$(PROJECT_DIR)",
					"/Users/davidlafrance/Downloads/dropbox-ios-sync-sdk-2.1.1",
					"/Users/davidlafrance/Downloads/dropbox-ios-sdk-1.3.11",
				);
				GCC_PRECOMPILE_PREFIX_HEADER = YES;
				GCC_PREFIX_HEADER = "phtshr-ios/phtshr-ios-Prefix.pch";
				INFOPLIST_FILE = "phtshr-ios/phtshr-ios-Info.plist";
				PRODUCT_NAME = "$(TARGET_NAME)";
				WRAPPER_EXTENSION = app;
			};
			name = Debug;
		};
		39F7E29E18D1159C00147D9C /* Release */ = {
			isa = XCBuildConfiguration;
			buildSettings = {
				ASSETCATALOG_COMPILER_APPICON_NAME = AppIcon;
				ASSETCATALOG_COMPILER_LAUNCHIMAGE_NAME = LaunchImage;
				FRAMEWORK_SEARCH_PATHS = (
					"$(inherited)",
					"$(PROJECT_DIR)",
					"/Users/davidlafrance/Downloads/dropbox-ios-sync-sdk-2.1.1",
					"/Users/davidlafrance/Downloads/dropbox-ios-sdk-1.3.11",
				);
				GCC_PRECOMPILE_PREFIX_HEADER = YES;
				GCC_PREFIX_HEADER = "phtshr-ios/phtshr-ios-Prefix.pch";
				INFOPLIST_FILE = "phtshr-ios/phtshr-ios-Info.plist";
				PRODUCT_NAME = "$(TARGET_NAME)";
				WRAPPER_EXTENSION = app;
			};
			name = Release;
		};
		39F7E2A018D1159C00147D9C /* Debug */ = {
			isa = XCBuildConfiguration;
			buildSettings = {
				BUNDLE_LOADER = "$(BUILT_PRODUCTS_DIR)/phtshr-ios.app/phtshr-ios";
				FRAMEWORK_SEARCH_PATHS = (
					"$(SDKROOT)/Developer/Library/Frameworks",
					"$(inherited)",
					"$(DEVELOPER_FRAMEWORKS_DIR)",
				);
				GCC_PRECOMPILE_PREFIX_HEADER = YES;
				GCC_PREFIX_HEADER = "phtshr-ios/phtshr-ios-Prefix.pch";
				GCC_PREPROCESSOR_DEFINITIONS = (
					"DEBUG=1",
					"$(inherited)",
				);
				INFOPLIST_FILE = "phtshr-iosTests/phtshr-iosTests-Info.plist";
				PRODUCT_NAME = "$(TARGET_NAME)";
				TEST_HOST = "$(BUNDLE_LOADER)";
				WRAPPER_EXTENSION = xctest;
			};
			name = Debug;
		};
		39F7E2A118D1159C00147D9C /* Release */ = {
			isa = XCBuildConfiguration;
			buildSettings = {
				BUNDLE_LOADER = "$(BUILT_PRODUCTS_DIR)/phtshr-ios.app/phtshr-ios";
				FRAMEWORK_SEARCH_PATHS = (
					"$(SDKROOT)/Developer/Library/Frameworks",
					"$(inherited)",
					"$(DEVELOPER_FRAMEWORKS_DIR)",
				);
				GCC_PRECOMPILE_PREFIX_HEADER = YES;
				GCC_PREFIX_HEADER = "phtshr-ios/phtshr-ios-Prefix.pch";
				INFOPLIST_FILE = "phtshr-iosTests/phtshr-iosTests-Info.plist";
				PRODUCT_NAME = "$(TARGET_NAME)";
				TEST_HOST = "$(BUNDLE_LOADER)";
				WRAPPER_EXTENSION = xctest;
			};
			name = Release;
		};
/* End XCBuildConfiguration section */

/* Begin XCConfigurationList section */
		39F7E26518D1159C00147D9C /* Build configuration list for PBXProject "phtshr-ios" */ = {
			isa = XCConfigurationList;
			buildConfigurations = (
				39F7E29A18D1159C00147D9C /* Debug */,
				39F7E29B18D1159C00147D9C /* Release */,
			);
			defaultConfigurationIsVisible = 0;
			defaultConfigurationName = Release;
		};
		39F7E29C18D1159C00147D9C /* Build configuration list for PBXNativeTarget "phtshr-ios" */ = {
			isa = XCConfigurationList;
			buildConfigurations = (
				39F7E29D18D1159C00147D9C /* Debug */,
				39F7E29E18D1159C00147D9C /* Release */,
			);
			defaultConfigurationIsVisible = 0;
			defaultConfigurationName = Release;
		};
		39F7E29F18D1159C00147D9C /* Build configuration list for PBXNativeTarget "phtshr-iosTests" */ = {
			isa = XCConfigurationList;
			buildConfigurations = (
				39F7E2A018D1159C00147D9C /* Debug */,
				39F7E2A118D1159C00147D9C /* Release */,
			);
			defaultConfigurationIsVisible = 0;
			defaultConfigurationName = Release;
		};
/* End XCConfigurationList section */
	};
	rootObject = 39F7E26218D1159C00147D9C /* Project object */;
}
